
Microsoft Visual Studio Solution File, Format Version 12.00
# Visual Studio Version 17
VisualStudioVersion = 17.3.32811.315
MinimumVisualStudioVersion = 10.0.40219.1
Project("{2150E333-8FDC-42A3-9474-1A3956D46DE8}") = "1 Behavioral", "1 Behavioral", "{F4AFB136-9B2D-4375-AA19-C7DE22CEF927}"
EndProject
Project("{2150E333-8FDC-42A3-9474-1A3956D46DE8}") = "2 Creational", "2 Creational", "{9A2CB6B5-965B-4557-910B-2F990B113DE4}"
EndProject
Project("{2150E333-8FDC-42A3-9474-1A3956D46DE8}") = "0 Refresher", "0 Refresher", "{3903EEC0-4BC6-42DF-B732-EBBB0DD04C6D}"
EndProject
Project("{2150E333-8FDC-42A3-9474-1A3956D46DE8}") = "3 Structural", "3 Structural", "{F53B4757-3F01-4837-BD1E-F89B8A16FE15}"
EndProject
Project("{FAE04EC0-301F-11D3-BF4B-00C04F79EFBC}") = "AbstractFactory", "Creational\AbstractFactory\AbstractFactory.csproj", "{5B7037CB-F88A-4317-9BE9-C23B0A3FC484}"
EndProject
Project("{FAE04EC0-301F-11D3-BF4B-00C04F79EFBC}") = "Builder", "Creational\Builder\Builder.csproj", "{DF167513-23DF-4A07-BC9A-763C6D9C22E2}"
EndProject
Project("{FAE04EC0-301F-11D3-BF4B-00C04F79EFBC}") = "FactoryMethod", "Creational\Factory\FactoryMethod.csproj", "{E71C6006-7C16-4431-A902-0FAD94F001F2}"
EndProject
Project("{FAE04EC0-301F-11D3-BF4B-00C04F79EFBC}") = "Prototype (Clone)", "Creational\Prototype\Prototype (Clone).csproj", "{6CF01842-6218-4D50-B7E1-A0B31273FD57}"
EndProject
Project("{FAE04EC0-301F-11D3-BF4B-00C04F79EFBC}") = "Singleton", "Creational\Singelton\Singleton.csproj", "{17546D5E-73E7-4986-95BA-5D9BE351259A}"
EndProject
Project("{FAE04EC0-301F-11D3-BF4B-00C04F79EFBC}") = "ChainOfResponsibilty", "Behavioral\Chain of responsibility\ChainOfResponsibilty.csproj", "{AE67141D-3E03-4B15-8AAA-79064163C4FB}"
EndProject
Project("{FAE04EC0-301F-11D3-BF4B-00C04F79EFBC}") = "Command", "Behavioral\Command\Command.csproj", "{4E0B6A2E-A7B3-4D83-AC4F-D1BBCC785EEA}"
EndProject
Project("{FAE04EC0-301F-11D3-BF4B-00C04F79EFBC}") = "Iterator", "Behavioral\Iterator\Iterator.csproj", "{0DD91F68-5F18-482C-BCB9-73F189607E9F}"
EndProject
Project("{FAE04EC0-301F-11D3-BF4B-00C04F79EFBC}") = "Mediator", "Behavioral\Mediator\Mediator.csproj", "{DEA4F50E-979D-47B7-91FF-FBB2F34ED4FF}"
EndProject
Project("{FAE04EC0-301F-11D3-BF4B-00C04F79EFBC}") = "Memento", "Behavioral\Memento\Memento.csproj", "{DA49D118-6CBA-4891-8B16-EA26A437B778}"
EndProject
Project("{FAE04EC0-301F-11D3-BF4B-00C04F79EFBC}") = "Observer", "Behavioral\Observer\Observer.csproj", "{5BF97645-628A-4534-9FE8-024882B9DDA2}"
EndProject
Project("{FAE04EC0-301F-11D3-BF4B-00C04F79EFBC}") = "ObserverWithEvents", "Behavioral\Observer with events\ObserverWithEvents.csproj", "{75D5DD25-23E6-45B1-9B1E-850D66038FDF}"
EndProject
Project("{FAE04EC0-301F-11D3-BF4B-00C04F79EFBC}") = "Strategy", "Behavioral\Strategy\Strategy.csproj", "{00018274-87AE-4A78-B452-E4FEDFDAAA10}"
EndProject
Project("{FAE04EC0-301F-11D3-BF4B-00C04F79EFBC}") = "TemplateMethod", "Behavioral\TemplateMethod\TemplateMethod.csproj", "{93E132CA-CCB3-4EF2-B941-EEAEBD1E4D49}"
EndProject
Project("{FAE04EC0-301F-11D3-BF4B-00C04F79EFBC}") = "Visitor", "Behavioral\Visitor\Visitor.csproj", "{5E9386BD-E2A7-44BF-BAAA-FEF7DAA9ACA9}"
EndProject
Project("{FAE04EC0-301F-11D3-BF4B-00C04F79EFBC}") = "Adapter", "Structural\Adaptor\Adapter.csproj", "{DD0BCF94-246C-4B41-909C-93D3A34C858A}"
EndProject
Project("{FAE04EC0-301F-11D3-BF4B-00C04F79EFBC}") = "Bridge", "Structural\Bridge\Bridge.csproj", "{D98CAE2B-C74F-43EC-8BEA-64C244A7BABE}"
EndProject
Project("{FAE04EC0-301F-11D3-BF4B-00C04F79EFBC}") = "Composite", "Structural\Composite\Composite.csproj", "{AA963CEC-F1ED-4A94-9702-7E5ACE46419D}"
EndProject
Project("{FAE04EC0-301F-11D3-BF4B-00C04F79EFBC}") = "Decorator", "Structural\Decorator\Decorator.csproj", "{E3EC747C-216B-4043-ACE7-48139F817112}"
EndProject
Project("{FAE04EC0-301F-11D3-BF4B-00C04F79EFBC}") = "Facade", "Structural\Facade\Facade.csproj", "{C8D8EC5B-E5F6-484C-984E-5D2E4467264E}"
EndProject
Project("{FAE04EC0-301F-11D3-BF4B-00C04F79EFBC}") = "Flyweigth", "Structural\Flyweigth\Flyweigth.csproj", "{1FCD3959-242C-40C4-8E92-13E5CE92D6E1}"
EndProject
Project("{FAE04EC0-301F-11D3-BF4B-00C04F79EFBC}") = "Proxy", "Structural\Proxy\Proxy.csproj", "{01503A0F-FA51-4C83-A260-7E61D6B23101}"
EndProject
Project("{FAE04EC0-301F-11D3-BF4B-00C04F79EFBC}") = "Relations", "_Refresher\Relations.csproj", "{AFC757B5-2488-43D9-BDE2-0FCDD2FFBE9D}"
EndProject
Project("{2150E333-8FDC-42A3-9474-1A3956D46DE8}") = "4 Optional", "4 Optional", "{380780F9-E50B-45EC-82A1-A066459BBFAC}"
EndProject
Project("{FAE04EC0-301F-11D3-BF4B-00C04F79EFBC}") = "DependencyInjection", "DependencyInjection\DependencyInjection.csproj", "{C869CC64-6009-4A8E-9831-C5D4D132E514}"
EndProject
Project("{FAE04EC0-301F-11D3-BF4B-00C04F79EFBC}") = "ServiceLocator.AntiPattern", "ServiceLocator.AntiPattern\ServiceLocator.AntiPattern.csproj", "{975CE53C-335D-42CC-943C-10A316BCD21D}"
EndProject
Project("{FAE04EC0-301F-11D3-BF4B-00C04F79EFBC}") = "ORMapper", "ORMapper\ORMapper.csproj", "{00875F02-DAD6-4298-92F1-85D40536988A}"
EndProject
Project("{FAE04EC0-301F-11D3-BF4B-00C04F79EFBC}") = "State1.Prozedural", "Behavioral\State\State.Original\State1.Prozedural.csproj", "{311515D7-738A-4A8B-8EDF-A20918101FD1}"
EndProject
Project("{FAE04EC0-301F-11D3-BF4B-00C04F79EFBC}") = "State1.Prozedural.Tests", "Behavioral\State\State.Original.Tests\State1.Prozedural.Tests.csproj", "{2E0C825B-6582-4524-A0C8-A65B31826F4C}"
EndProject
Project("{FAE04EC0-301F-11D3-BF4B-00C04F79EFBC}") = "State2.Pattern", "Behavioral\State\State.Refactored\State2.Pattern.csproj", "{8E873551-1912-443F-89CD-05304156DBA1}"
EndProject
Project("{FAE04EC0-301F-11D3-BF4B-00C04F79EFBC}") = "State2.Pattern.Tests", "Behavioral\State\State.Refactored.Tests\State2.Pattern.Tests.csproj", "{C9CEBEC9-0F82-49DF-901A-F4997BBC9931}"
EndProject
Global
	GlobalSection(SolutionConfigurationPlatforms) = preSolution
		Debug|Any CPU = Debug|Any CPU
		Release|Any CPU = Release|Any CPU
	EndGlobalSection
	GlobalSection(ProjectConfigurationPlatforms) = postSolution
		{5B7037CB-F88A-4317-9BE9-C23B0A3FC484}.Debug|Any CPU.ActiveCfg = Debug|Any CPU
		{5B7037CB-F88A-4317-9BE9-C23B0A3FC484}.Debug|Any CPU.Build.0 = Debug|Any CPU
		{5B7037CB-F88A-4317-9BE9-C23B0A3FC484}.Release|Any CPU.ActiveCfg = Release|Any CPU
		{5B7037CB-F88A-4317-9BE9-C23B0A3FC484}.Release|Any CPU.Build.0 = Release|Any CPU
		{DF167513-23DF-4A07-BC9A-763C6D9C22E2}.Debug|Any CPU.ActiveCfg = Debug|Any CPU
		{DF167513-23DF-4A07-BC9A-763C6D9C22E2}.Debug|Any CPU.Build.0 = Debug|Any CPU
		{DF167513-23DF-4A07-BC9A-763C6D9C22E2}.Release|Any CPU.ActiveCfg = Release|Any CPU
		{DF167513-23DF-4A07-BC9A-763C6D9C22E2}.Release|Any CPU.Build.0 = Release|Any CPU
		{E71C6006-7C16-4431-A902-0FAD94F001F2}.Debug|Any CPU.ActiveCfg = Debug|Any CPU
		{E71C6006-7C16-4431-A902-0FAD94F001F2}.Debug|Any CPU.Build.0 = Debug|Any CPU
		{E71C6006-7C16-4431-A902-0FAD94F001F2}.Release|Any CPU.ActiveCfg = Release|Any CPU
		{E71C6006-7C16-4431-A902-0FAD94F001F2}.Release|Any CPU.Build.0 = Release|Any CPU
		{6CF01842-6218-4D50-B7E1-A0B31273FD57}.Debug|Any CPU.ActiveCfg = Debug|Any CPU
		{6CF01842-6218-4D50-B7E1-A0B31273FD57}.Debug|Any CPU.Build.0 = Debug|Any CPU
		{6CF01842-6218-4D50-B7E1-A0B31273FD57}.Release|Any CPU.ActiveCfg = Release|Any CPU
		{6CF01842-6218-4D50-B7E1-A0B31273FD57}.Release|Any CPU.Build.0 = Release|Any CPU
		{17546D5E-73E7-4986-95BA-5D9BE351259A}.Debug|Any CPU.ActiveCfg = Debug|Any CPU
		{17546D5E-73E7-4986-95BA-5D9BE351259A}.Debug|Any CPU.Build.0 = Debug|Any CPU
		{17546D5E-73E7-4986-95BA-5D9BE351259A}.Release|Any CPU.ActiveCfg = Release|Any CPU
		{17546D5E-73E7-4986-95BA-5D9BE351259A}.Release|Any CPU.Build.0 = Release|Any CPU
		{AE67141D-3E03-4B15-8AAA-79064163C4FB}.Debug|Any CPU.ActiveCfg = Debug|Any CPU
		{AE67141D-3E03-4B15-8AAA-79064163C4FB}.Debug|Any CPU.Build.0 = Debug|Any CPU
		{AE67141D-3E03-4B15-8AAA-79064163C4FB}.Release|Any CPU.ActiveCfg = Release|Any CPU
		{AE67141D-3E03-4B15-8AAA-79064163C4FB}.Release|Any CPU.Build.0 = Release|Any CPU
		{4E0B6A2E-A7B3-4D83-AC4F-D1BBCC785EEA}.Debug|Any CPU.ActiveCfg = Debug|Any CPU
		{4E0B6A2E-A7B3-4D83-AC4F-D1BBCC785EEA}.Debug|Any CPU.Build.0 = Debug|Any CPU
		{4E0B6A2E-A7B3-4D83-AC4F-D1BBCC785EEA}.Release|Any CPU.ActiveCfg = Release|Any CPU
		{4E0B6A2E-A7B3-4D83-AC4F-D1BBCC785EEA}.Release|Any CPU.Build.0 = Release|Any CPU
		{0DD91F68-5F18-482C-BCB9-73F189607E9F}.Debug|Any CPU.ActiveCfg = Debug|Any CPU
		{0DD91F68-5F18-482C-BCB9-73F189607E9F}.Debug|Any CPU.Build.0 = Debug|Any CPU
		{0DD91F68-5F18-482C-BCB9-73F189607E9F}.Release|Any CPU.ActiveCfg = Release|Any CPU
		{0DD91F68-5F18-482C-BCB9-73F189607E9F}.Release|Any CPU.Build.0 = Release|Any CPU
		{DEA4F50E-979D-47B7-91FF-FBB2F34ED4FF}.Debug|Any CPU.ActiveCfg = Debug|Any CPU
		{DEA4F50E-979D-47B7-91FF-FBB2F34ED4FF}.Debug|Any CPU.Build.0 = Debug|Any CPU
		{DEA4F50E-979D-47B7-91FF-FBB2F34ED4FF}.Release|Any CPU.ActiveCfg = Release|Any CPU
		{DEA4F50E-979D-47B7-91FF-FBB2F34ED4FF}.Release|Any CPU.Build.0 = Release|Any CPU
		{DA49D118-6CBA-4891-8B16-EA26A437B778}.Debug|Any CPU.ActiveCfg = Debug|Any CPU
		{DA49D118-6CBA-4891-8B16-EA26A437B778}.Debug|Any CPU.Build.0 = Debug|Any CPU
		{DA49D118-6CBA-4891-8B16-EA26A437B778}.Release|Any CPU.ActiveCfg = Release|Any CPU
		{DA49D118-6CBA-4891-8B16-EA26A437B778}.Release|Any CPU.Build.0 = Release|Any CPU
		{5BF97645-628A-4534-9FE8-024882B9DDA2}.Debug|Any CPU.ActiveCfg = Debug|Any CPU
		{5BF97645-628A-4534-9FE8-024882B9DDA2}.Debug|Any CPU.Build.0 = Debug|Any CPU
		{5BF97645-628A-4534-9FE8-024882B9DDA2}.Release|Any CPU.ActiveCfg = Release|Any CPU
		{5BF97645-628A-4534-9FE8-024882B9DDA2}.Release|Any CPU.Build.0 = Release|Any CPU
		{75D5DD25-23E6-45B1-9B1E-850D66038FDF}.Debug|Any CPU.ActiveCfg = Debug|Any CPU
		{75D5DD25-23E6-45B1-9B1E-850D66038FDF}.Debug|Any CPU.Build.0 = Debug|Any CPU
		{75D5DD25-23E6-45B1-9B1E-850D66038FDF}.Release|Any CPU.ActiveCfg = Release|Any CPU
		{75D5DD25-23E6-45B1-9B1E-850D66038FDF}.Release|Any CPU.Build.0 = Release|Any CPU
		{00018274-87AE-4A78-B452-E4FEDFDAAA10}.Debug|Any CPU.ActiveCfg = Debug|Any CPU
		{00018274-87AE-4A78-B452-E4FEDFDAAA10}.Debug|Any CPU.Build.0 = Debug|Any CPU
		{00018274-87AE-4A78-B452-E4FEDFDAAA10}.Release|Any CPU.ActiveCfg = Release|Any CPU
		{00018274-87AE-4A78-B452-E4FEDFDAAA10}.Release|Any CPU.Build.0 = Release|Any CPU
		{93E132CA-CCB3-4EF2-B941-EEAEBD1E4D49}.Debug|Any CPU.ActiveCfg = Debug|Any CPU
		{93E132CA-CCB3-4EF2-B941-EEAEBD1E4D49}.Debug|Any CPU.Build.0 = Debug|Any CPU
		{93E132CA-CCB3-4EF2-B941-EEAEBD1E4D49}.Release|Any CPU.ActiveCfg = Release|Any CPU
		{93E132CA-CCB3-4EF2-B941-EEAEBD1E4D49}.Release|Any CPU.Build.0 = Release|Any CPU
		{5E9386BD-E2A7-44BF-BAAA-FEF7DAA9ACA9}.Debug|Any CPU.ActiveCfg = Debug|Any CPU
		{5E9386BD-E2A7-44BF-BAAA-FEF7DAA9ACA9}.Debug|Any CPU.Build.0 = Debug|Any CPU
		{5E9386BD-E2A7-44BF-BAAA-FEF7DAA9ACA9}.Release|Any CPU.ActiveCfg = Release|Any CPU
		{5E9386BD-E2A7-44BF-BAAA-FEF7DAA9ACA9}.Release|Any CPU.Build.0 = Release|Any CPU
		{DD0BCF94-246C-4B41-909C-93D3A34C858A}.Debug|Any CPU.ActiveCfg = Debug|Any CPU
		{DD0BCF94-246C-4B41-909C-93D3A34C858A}.Debug|Any CPU.Build.0 = Debug|Any CPU
		{DD0BCF94-246C-4B41-909C-93D3A34C858A}.Release|Any CPU.ActiveCfg = Release|Any CPU
		{DD0BCF94-246C-4B41-909C-93D3A34C858A}.Release|Any CPU.Build.0 = Release|Any CPU
		{D98CAE2B-C74F-43EC-8BEA-64C244A7BABE}.Debug|Any CPU.ActiveCfg = Debug|Any CPU
		{D98CAE2B-C74F-43EC-8BEA-64C244A7BABE}.Debug|Any CPU.Build.0 = Debug|Any CPU
		{D98CAE2B-C74F-43EC-8BEA-64C244A7BABE}.Release|Any CPU.ActiveCfg = Release|Any CPU
		{D98CAE2B-C74F-43EC-8BEA-64C244A7BABE}.Release|Any CPU.Build.0 = Release|Any CPU
		{AA963CEC-F1ED-4A94-9702-7E5ACE46419D}.Debug|Any CPU.ActiveCfg = Debug|Any CPU
		{AA963CEC-F1ED-4A94-9702-7E5ACE46419D}.Debug|Any CPU.Build.0 = Debug|Any CPU
		{AA963CEC-F1ED-4A94-9702-7E5ACE46419D}.Release|Any CPU.ActiveCfg = Release|Any CPU
		{AA963CEC-F1ED-4A94-9702-7E5ACE46419D}.Release|Any CPU.Build.0 = Release|Any CPU
		{E3EC747C-216B-4043-ACE7-48139F817112}.Debug|Any CPU.ActiveCfg = Debug|Any CPU
		{E3EC747C-216B-4043-ACE7-48139F817112}.Debug|Any CPU.Build.0 = Debug|Any CPU
		{E3EC747C-216B-4043-ACE7-48139F817112}.Release|Any CPU.ActiveCfg = Release|Any CPU
		{E3EC747C-216B-4043-ACE7-48139F817112}.Release|Any CPU.Build.0 = Release|Any CPU
		{C8D8EC5B-E5F6-484C-984E-5D2E4467264E}.Debug|Any CPU.ActiveCfg = Debug|Any CPU
		{C8D8EC5B-E5F6-484C-984E-5D2E4467264E}.Debug|Any CPU.Build.0 = Debug|Any CPU
		{C8D8EC5B-E5F6-484C-984E-5D2E4467264E}.Release|Any CPU.ActiveCfg = Release|Any CPU
		{C8D8EC5B-E5F6-484C-984E-5D2E4467264E}.Release|Any CPU.Build.0 = Release|Any CPU
		{1FCD3959-242C-40C4-8E92-13E5CE92D6E1}.Debug|Any CPU.ActiveCfg = Debug|Any CPU
		{1FCD3959-242C-40C4-8E92-13E5CE92D6E1}.Debug|Any CPU.Build.0 = Debug|Any CPU
		{1FCD3959-242C-40C4-8E92-13E5CE92D6E1}.Release|Any CPU.ActiveCfg = Release|Any CPU
		{1FCD3959-242C-40C4-8E92-13E5CE92D6E1}.Release|Any CPU.Build.0 = Release|Any CPU
		{01503A0F-FA51-4C83-A260-7E61D6B23101}.Debug|Any CPU.ActiveCfg = Debug|Any CPU
		{01503A0F-FA51-4C83-A260-7E61D6B23101}.Debug|Any CPU.Build.0 = Debug|Any CPU
		{01503A0F-FA51-4C83-A260-7E61D6B23101}.Release|Any CPU.ActiveCfg = Release|Any CPU
		{01503A0F-FA51-4C83-A260-7E61D6B23101}.Release|Any CPU.Build.0 = Release|Any CPU
		{AFC757B5-2488-43D9-BDE2-0FCDD2FFBE9D}.Debug|Any CPU.ActiveCfg = Debug|Any CPU
		{AFC757B5-2488-43D9-BDE2-0FCDD2FFBE9D}.Debug|Any CPU.Build.0 = Debug|Any CPU
		{AFC757B5-2488-43D9-BDE2-0FCDD2FFBE9D}.Release|Any CPU.ActiveCfg = Release|Any CPU
		{AFC757B5-2488-43D9-BDE2-0FCDD2FFBE9D}.Release|Any CPU.Build.0 = Release|Any CPU
		{C869CC64-6009-4A8E-9831-C5D4D132E514}.Debug|Any CPU.ActiveCfg = Debug|Any CPU
		{C869CC64-6009-4A8E-9831-C5D4D132E514}.Debug|Any CPU.Build.0 = Debug|Any CPU
		{C869CC64-6009-4A8E-9831-C5D4D132E514}.Release|Any CPU.ActiveCfg = Release|Any CPU
		{C869CC64-6009-4A8E-9831-C5D4D132E514}.Release|Any CPU.Build.0 = Release|Any CPU
		{975CE53C-335D-42CC-943C-10A316BCD21D}.Debug|Any CPU.ActiveCfg = Debug|Any CPU
		{975CE53C-335D-42CC-943C-10A316BCD21D}.Debug|Any CPU.Build.0 = Debug|Any CPU
		{975CE53C-335D-42CC-943C-10A316BCD21D}.Release|Any CPU.ActiveCfg = Release|Any CPU
		{975CE53C-335D-42CC-943C-10A316BCD21D}.Release|Any CPU.Build.0 = Release|Any CPU
		{00875F02-DAD6-4298-92F1-85D40536988A}.Debug|Any CPU.ActiveCfg = Debug|Any CPU
		{00875F02-DAD6-4298-92F1-85D40536988A}.Debug|Any CPU.Build.0 = Debug|Any CPU
		{00875F02-DAD6-4298-92F1-85D40536988A}.Release|Any CPU.ActiveCfg = Release|Any CPU
		{00875F02-DAD6-4298-92F1-85D40536988A}.Release|Any CPU.Build.0 = Release|Any CPU
		{311515D7-738A-4A8B-8EDF-A20918101FD1}.Debug|Any CPU.ActiveCfg = Debug|Any CPU
		{311515D7-738A-4A8B-8EDF-A20918101FD1}.Debug|Any CPU.Build.0 = Debug|Any CPU
		{311515D7-738A-4A8B-8EDF-A20918101FD1}.Release|Any CPU.ActiveCfg = Release|Any CPU
		{311515D7-738A-4A8B-8EDF-A20918101FD1}.Release|Any CPU.Build.0 = Release|Any CPU
		{2E0C825B-6582-4524-A0C8-A65B31826F4C}.Debug|Any CPU.ActiveCfg = Debug|Any CPU
		{2E0C825B-6582-4524-A0C8-A65B31826F4C}.Debug|Any CPU.Build.0 = Debug|Any CPU
		{2E0C825B-6582-4524-A0C8-A65B31826F4C}.Release|Any CPU.ActiveCfg = Release|Any CPU
		{2E0C825B-6582-4524-A0C8-A65B31826F4C}.Release|Any CPU.Build.0 = Release|Any CPU
		{8E873551-1912-443F-89CD-05304156DBA1}.Debug|Any CPU.ActiveCfg = Debug|Any CPU
		{8E873551-1912-443F-89CD-05304156DBA1}.Debug|Any CPU.Build.0 = Debug|Any CPU
		{8E873551-1912-443F-89CD-05304156DBA1}.Release|Any CPU.ActiveCfg = Release|Any CPU
		{8E873551-1912-443F-89CD-05304156DBA1}.Release|Any CPU.Build.0 = Release|Any CPU
		{C9CEBEC9-0F82-49DF-901A-F4997BBC9931}.Debug|Any CPU.ActiveCfg = Debug|Any CPU
		{C9CEBEC9-0F82-49DF-901A-F4997BBC9931}.Debug|Any CPU.Build.0 = Debug|Any CPU
		{C9CEBEC9-0F82-49DF-901A-F4997BBC9931}.Release|Any CPU.ActiveCfg = Release|Any CPU
		{C9CEBEC9-0F82-49DF-901A-F4997BBC9931}.Release|Any CPU.Build.0 = Release|Any CPU
	EndGlobalSection
	GlobalSection(SolutionProperties) = preSolution
		HideSolutionNode = FALSE
	EndGlobalSection
	GlobalSection(NestedProjects) = preSolution
		{5B7037CB-F88A-4317-9BE9-C23B0A3FC484} = {9A2CB6B5-965B-4557-910B-2F990B113DE4}
		{DF167513-23DF-4A07-BC9A-763C6D9C22E2} = {9A2CB6B5-965B-4557-910B-2F990B113DE4}
		{E71C6006-7C16-4431-A902-0FAD94F001F2} = {9A2CB6B5-965B-4557-910B-2F990B113DE4}
		{6CF01842-6218-4D50-B7E1-A0B31273FD57} = {9A2CB6B5-965B-4557-910B-2F990B113DE4}
		{17546D5E-73E7-4986-95BA-5D9BE351259A} = {9A2CB6B5-965B-4557-910B-2F990B113DE4}
		{AE67141D-3E03-4B15-8AAA-79064163C4FB} = {F4AFB136-9B2D-4375-AA19-C7DE22CEF927}
		{4E0B6A2E-A7B3-4D83-AC4F-D1BBCC785EEA} = {F4AFB136-9B2D-4375-AA19-C7DE22CEF927}
		{0DD91F68-5F18-482C-BCB9-73F189607E9F} = {F4AFB136-9B2D-4375-AA19-C7DE22CEF927}
		{DEA4F50E-979D-47B7-91FF-FBB2F34ED4FF} = {F4AFB136-9B2D-4375-AA19-C7DE22CEF927}
		{DA49D118-6CBA-4891-8B16-EA26A437B778} = {F4AFB136-9B2D-4375-AA19-C7DE22CEF927}
		{5BF97645-628A-4534-9FE8-024882B9DDA2} = {F4AFB136-9B2D-4375-AA19-C7DE22CEF927}
		{75D5DD25-23E6-45B1-9B1E-850D66038FDF} = {F4AFB136-9B2D-4375-AA19-C7DE22CEF927}
		{00018274-87AE-4A78-B452-E4FEDFDAAA10} = {F4AFB136-9B2D-4375-AA19-C7DE22CEF927}
		{93E132CA-CCB3-4EF2-B941-EEAEBD1E4D49} = {F4AFB136-9B2D-4375-AA19-C7DE22CEF927}
		{5E9386BD-E2A7-44BF-BAAA-FEF7DAA9ACA9} = {F4AFB136-9B2D-4375-AA19-C7DE22CEF927}
		{DD0BCF94-246C-4B41-909C-93D3A34C858A} = {F53B4757-3F01-4837-BD1E-F89B8A16FE15}
		{D98CAE2B-C74F-43EC-8BEA-64C244A7BABE} = {F53B4757-3F01-4837-BD1E-F89B8A16FE15}
		{AA963CEC-F1ED-4A94-9702-7E5ACE46419D} = {F53B4757-3F01-4837-BD1E-F89B8A16FE15}
		{E3EC747C-216B-4043-ACE7-48139F817112} = {F53B4757-3F01-4837-BD1E-F89B8A16FE15}
		{C8D8EC5B-E5F6-484C-984E-5D2E4467264E} = {F53B4757-3F01-4837-BD1E-F89B8A16FE15}
		{1FCD3959-242C-40C4-8E92-13E5CE92D6E1} = {F53B4757-3F01-4837-BD1E-F89B8A16FE15}
		{01503A0F-FA51-4C83-A260-7E61D6B23101} = {F53B4757-3F01-4837-BD1E-F89B8A16FE15}
		{AFC757B5-2488-43D9-BDE2-0FCDD2FFBE9D} = {3903EEC0-4BC6-42DF-B732-EBBB0DD04C6D}
		{C869CC64-6009-4A8E-9831-C5D4D132E514} = {380780F9-E50B-45EC-82A1-A066459BBFAC}
		{975CE53C-335D-42CC-943C-10A316BCD21D} = {380780F9-E50B-45EC-82A1-A066459BBFAC}
		{00875F02-DAD6-4298-92F1-85D40536988A} = {380780F9-E50B-45EC-82A1-A066459BBFAC}
		{311515D7-738A-4A8B-8EDF-A20918101FD1} = {F4AFB136-9B2D-4375-AA19-C7DE22CEF927}
		{2E0C825B-6582-4524-A0C8-A65B31826F4C} = {F4AFB136-9B2D-4375-AA19-C7DE22CEF927}
		{8E873551-1912-443F-89CD-05304156DBA1} = {F4AFB136-9B2D-4375-AA19-C7DE22CEF927}
		{C9CEBEC9-0F82-49DF-901A-F4997BBC9931} = {F4AFB136-9B2D-4375-AA19-C7DE22CEF927}
	EndGlobalSection
	GlobalSection(ExtensibilityGlobals) = postSolution
		SolutionGuid = {4932A8B6-D7D9-4C61-AB81-2F4B361E7C4D}
	EndGlobalSection
EndGlobal
